
Microsoft Visual Studio Solution File, Format Version 12.00
# Visual Studio 15
VisualStudioVersion = 15.0.28218.60
MinimumVisualStudioVersion = 10.0.40219.1
Project("{9A19103F-16F7-4668-BE54-9A1E7A4F7556}") = "Agent.Plugins.TestResultParser", "src\Agent.Plugins\Agent.Plugins.TestResultParser.csproj", "{0BF8DDCA-848F-40EC-8AFD-EE3A1F2D0D5D}"
EndProject
Project("{9A19103F-16F7-4668-BE54-9A1E7A4F7556}") = "Agent.Plugins.UnitTests", "tests\Agent.Plugins.UnitTests\Agent.Plugins.UnitTests.csproj", "{2BF7EE3A-DD54-4747-BC88-3B84E61B35A1}"
EndProject
Global
	GlobalSection(SolutionConfigurationPlatforms) = preSolution
		Debug|Any CPU = Debug|Any CPU
		Release|Any CPU = Release|Any CPU
	EndGlobalSection
	GlobalSection(ProjectConfigurationPlatforms) = postSolution
		{0BF8DDCA-848F-40EC-8AFD-EE3A1F2D0D5D}.Debug|Any CPU.ActiveCfg = Debug|Any CPU
		{0BF8DDCA-848F-40EC-8AFD-EE3A1F2D0D5D}.Debug|Any CPU.Build.0 = Debug|Any CPU
		{0BF8DDCA-848F-40EC-8AFD-EE3A1F2D0D5D}.Release|Any CPU.ActiveCfg = Release|Any CPU
		{0BF8DDCA-848F-40EC-8AFD-EE3A1F2D0D5D}.Release|Any CPU.Build.0 = Release|Any CPU
		{2BF7EE3A-DD54-4747-BC88-3B84E61B35A1}.Debug|Any CPU.ActiveCfg = Debug|Any CPU
		{2BF7EE3A-DD54-4747-BC88-3B84E61B35A1}.Debug|Any CPU.Build.0 = Debug|Any CPU
		{2BF7EE3A-DD54-4747-BC88-3B84E61B35A1}.Release|Any CPU.ActiveCfg = Release|Any CPU
		{2BF7EE3A-DD54-4747-BC88-3B84E61B35A1}.Release|Any CPU.Build.0 = Release|Any CPU
	EndGlobalSection
	GlobalSection(SolutionProperties) = preSolution
		HideSolutionNode = FALSE
	EndGlobalSection
	GlobalSection(ExtensibilityGlobals) = postSolution
		SolutionGuid = {5C8CCB61-4E77-4DF0-B9BD-A6C46D1E1C63}
	EndGlobalSection
EndGlobal
